// !$*UTF8*$!
{
	archiveVersion = 1;
	classes = {
	};
	objectVersion = 46;
	objects = {

/* Begin PBXBuildFile section */
		1EF04E3E5706883EE55B751F /* Pods_OAProject.framework in Frameworks */ = {isa = PBXBuildFile; fileRef = 4DAA8BBAFE465D93F689B713 /* Pods_OAProject.framework */; };
		C0623F521D49CD92001579CD /* AppDelegate.swift in Sources */ = {isa = PBXBuildFile; fileRef = C0623F511D49CD92001579CD /* AppDelegate.swift */; };
		C0623F591D49CD92001579CD /* Assets.xcassets in Resources */ = {isa = PBXBuildFile; fileRef = C0623F581D49CD92001579CD /* Assets.xcassets */; };
		C0623F671D49CD92001579CD /* OAProjectTests.swift in Sources */ = {isa = PBXBuildFile; fileRef = C0623F661D49CD92001579CD /* OAProjectTests.swift */; };
		C0623F721D49CD92001579CD /* OAProjectUITests.swift in Sources */ = {isa = PBXBuildFile; fileRef = C0623F711D49CD92001579CD /* OAProjectUITests.swift */; };
		C0647F1E1D4B2B150043A4C3 /* HomeViewController.swift in Sources */ = {isa = PBXBuildFile; fileRef = C0647F1D1D4B2B150043A4C3 /* HomeViewController.swift */; };
		C0647F261D4B2B600043A4C3 /* ContactTableViewController.swift in Sources */ = {isa = PBXBuildFile; fileRef = C0647F251D4B2B600043A4C3 /* ContactTableViewController.swift */; };
		C0647F291D4B2BA90043A4C3 /* MainTabViewController.swift in Sources */ = {isa = PBXBuildFile; fileRef = C0647F281D4B2BA90043A4C3 /* MainTabViewController.swift */; };
		C0647F2E1D4B3A170043A4C3 /* BaseTableViewController.swift in Sources */ = {isa = PBXBuildFile; fileRef = C0647F2D1D4B3A170043A4C3 /* BaseTableViewController.swift */; };
		C0647F311D4B3AB50043A4C3 /* NullViewController.swift in Sources */ = {isa = PBXBuildFile; fileRef = C0647F301D4B3AB50043A4C3 /* NullViewController.swift */; };
		C0647F331D4B3AD10043A4C3 /* SlideViewAnimation.swift in Sources */ = {isa = PBXBuildFile; fileRef = C0647F321D4B3AD10043A4C3 /* SlideViewAnimation.swift */; };
		C0647F351D4B3B960043A4C3 /* CustomPresentationController.swift in Sources */ = {isa = PBXBuildFile; fileRef = C0647F341D4B3B960043A4C3 /* CustomPresentationController.swift */; };
		C0647F371D4B719C0043A4C3 /* CustomPercentDrivenInteractiveTransition.swift in Sources */ = {isa = PBXBuildFile; fileRef = C0647F361D4B719C0043A4C3 /* CustomPercentDrivenInteractiveTransition.swift */; };
		C0647F391D4BA3530043A4C3 /* Constents.swift in Sources */ = {isa = PBXBuildFile; fileRef = C0647F381D4BA3530043A4C3 /* Constents.swift */; };
		C0D863211D4CD8D80059FAF1 /* MessageTableViewCell.swift in Sources */ = {isa = PBXBuildFile; fileRef = C0D8631F1D4CD8D80059FAF1 /* MessageTableViewCell.swift */; };
		C0D863221D4CD8D80059FAF1 /* MessageTableViewCell.xib in Resources */ = {isa = PBXBuildFile; fileRef = C0D863201D4CD8D80059FAF1 /* MessageTableViewCell.xib */; };
		C0D863241D4CE92A0059FAF1 /* TitleButton.swift in Sources */ = {isa = PBXBuildFile; fileRef = C0D863231D4CE92A0059FAF1 /* TitleButton.swift */; };
		C0D863261D4CEFC10059FAF1 /* BulletinBar.swift in Sources */ = {isa = PBXBuildFile; fileRef = C0D863251D4CEFC10059FAF1 /* BulletinBar.swift */; };
		C0D863291D4D0DAA0059FAF1 /* NotifyTableViewCell.swift in Sources */ = {isa = PBXBuildFile; fileRef = C0D863271D4D0DAA0059FAF1 /* NotifyTableViewCell.swift */; };
		C0D8632A1D4D0DAA0059FAF1 /* NotifyTableViewCell.xib in Resources */ = {isa = PBXBuildFile; fileRef = C0D863281D4D0DAA0059FAF1 /* NotifyTableViewCell.xib */; };
		C0D8632C1D4D167C0059FAF1 /* DepartmentDisplayView.swift in Sources */ = {isa = PBXBuildFile; fileRef = C0D8632B1D4D167C0059FAF1 /* DepartmentDisplayView.swift */; };
		C0D8632E1D4D17B90059FAF1 /* ToolsViewController.swift in Sources */ = {isa = PBXBuildFile; fileRef = C0D8632D1D4D17B90059FAF1 /* ToolsViewController.swift */; };
		C0D863301D4D17D30059FAF1 /* ToolsViewAnimation.swift in Sources */ = {isa = PBXBuildFile; fileRef = C0D8632F1D4D17D30059FAF1 /* ToolsViewAnimation.swift */; };
		C0E81AE11D4C60D400333981 /* HomeView.storyboard in Resources */ = {isa = PBXBuildFile; fileRef = C0E81AE01D4C60D400333981 /* HomeView.storyboard */; };
		C0E81AE31D4C637800333981 /* SlideShowView.swift in Sources */ = {isa = PBXBuildFile; fileRef = C0E81AE21D4C637800333981 /* SlideShowView.swift */; };
/* End PBXBuildFile section */

/* Begin PBXContainerItemProxy section */
		C0623F631D49CD92001579CD /* PBXContainerItemProxy */ = {
			isa = PBXContainerItemProxy;
			containerPortal = C0623F461D49CD91001579CD /* Project object */;
			proxyType = 1;
			remoteGlobalIDString = C0623F4D1D49CD91001579CD;
			remoteInfo = OAProject;
		};
		C0623F6E1D49CD92001579CD /* PBXContainerItemProxy */ = {
			isa = PBXContainerItemProxy;
			containerPortal = C0623F461D49CD91001579CD /* Project object */;
			proxyType = 1;
			remoteGlobalIDString = C0623F4D1D49CD91001579CD;
			remoteInfo = OAProject;
		};
/* End PBXContainerItemProxy section */

/* Begin PBXFileReference section */
		4DAA8BBAFE465D93F689B713 /* Pods_OAProject.framework */ = {isa = PBXFileReference; explicitFileType = wrapper.framework; includeInIndex = 0; path = Pods_OAProject.framework; sourceTree = BUILT_PRODUCTS_DIR; };
		B0DC9D8798571EAD8E788052 /* Pods-OAProject.debug.xcconfig */ = {isa = PBXFileReference; includeInIndex = 1; lastKnownFileType = text.xcconfig; name = "Pods-OAProject.debug.xcconfig"; path = "Pods/Target Support Files/Pods-OAProject/Pods-OAProject.debug.xcconfig"; sourceTree = "<group>"; };
		C0623F4E1D49CD92001579CD /* OAProject.app */ = {isa = PBXFileReference; explicitFileType = wrapper.application; includeInIndex = 0; path = OAProject.app; sourceTree = BUILT_PRODUCTS_DIR; };
		C0623F511D49CD92001579CD /* AppDelegate.swift */ = {isa = PBXFileReference; lastKnownFileType = sourcecode.swift; path = AppDelegate.swift; sourceTree = "<group>"; };
		C0623F581D49CD92001579CD /* Assets.xcassets */ = {isa = PBXFileReference; lastKnownFileType = folder.assetcatalog; path = Assets.xcassets; sourceTree = "<group>"; };
		C0623F5D1D49CD92001579CD /* Info.plist */ = {isa = PBXFileReference; lastKnownFileType = text.plist.xml; path = Info.plist; sourceTree = "<group>"; };
		C0623F621D49CD92001579CD /* OAProjectTests.xctest */ = {isa = PBXFileReference; explicitFileType = wrapper.cfbundle; includeInIndex = 0; path = OAProjectTests.xctest; sourceTree = BUILT_PRODUCTS_DIR; };
		C0623F661D49CD92001579CD /* OAProjectTests.swift */ = {isa = PBXFileReference; lastKnownFileType = sourcecode.swift; path = OAProjectTests.swift; sourceTree = "<group>"; };
		C0623F681D49CD92001579CD /* Info.plist */ = {isa = PBXFileReference; lastKnownFileType = text.plist.xml; path = Info.plist; sourceTree = "<group>"; };
		C0623F6D1D49CD92001579CD /* OAProjectUITests.xctest */ = {isa = PBXFileReference; explicitFileType = wrapper.cfbundle; includeInIndex = 0; path = OAProjectUITests.xctest; sourceTree = BUILT_PRODUCTS_DIR; };
		C0623F711D49CD92001579CD /* OAProjectUITests.swift */ = {isa = PBXFileReference; lastKnownFileType = sourcecode.swift; path = OAProjectUITests.swift; sourceTree = "<group>"; };
		C0623F731D49CD92001579CD /* Info.plist */ = {isa = PBXFileReference; lastKnownFileType = text.plist.xml; path = Info.plist; sourceTree = "<group>"; };
		C0647F1D1D4B2B150043A4C3 /* HomeViewController.swift */ = {isa = PBXFileReference; fileEncoding = 4; lastKnownFileType = sourcecode.swift; path = HomeViewController.swift; sourceTree = "<group>"; };
		C0647F251D4B2B600043A4C3 /* ContactTableViewController.swift */ = {isa = PBXFileReference; fileEncoding = 4; lastKnownFileType = sourcecode.swift; path = ContactTableViewController.swift; sourceTree = "<group>"; };
		C0647F281D4B2BA90043A4C3 /* MainTabViewController.swift */ = {isa = PBXFileReference; fileEncoding = 4; lastKnownFileType = sourcecode.swift; path = MainTabViewController.swift; sourceTree = "<group>"; };
		C0647F2D1D4B3A170043A4C3 /* BaseTableViewController.swift */ = {isa = PBXFileReference; fileEncoding = 4; lastKnownFileType = sourcecode.swift; path = BaseTableViewController.swift; sourceTree = "<group>"; };
		C0647F301D4B3AB50043A4C3 /* NullViewController.swift */ = {isa = PBXFileReference; fileEncoding = 4; lastKnownFileType = sourcecode.swift; path = NullViewController.swift; sourceTree = "<group>"; };
		C0647F321D4B3AD10043A4C3 /* SlideViewAnimation.swift */ = {isa = PBXFileReference; fileEncoding = 4; lastKnownFileType = sourcecode.swift; path = SlideViewAnimation.swift; sourceTree = "<group>"; };
		C0647F341D4B3B960043A4C3 /* CustomPresentationController.swift */ = {isa = PBXFileReference; fileEncoding = 4; lastKnownFileType = sourcecode.swift; path = CustomPresentationController.swift; sourceTree = "<group>"; };
		C0647F361D4B719C0043A4C3 /* CustomPercentDrivenInteractiveTransition.swift */ = {isa = PBXFileReference; fileEncoding = 4; lastKnownFileType = sourcecode.swift; path = CustomPercentDrivenInteractiveTransition.swift; sourceTree = "<group>"; };
		C0647F381D4BA3530043A4C3 /* Constents.swift */ = {isa = PBXFileReference; fileEncoding = 4; lastKnownFileType = sourcecode.swift; path = Constents.swift; sourceTree = "<group>"; };
		C0D8631F1D4CD8D80059FAF1 /* MessageTableViewCell.swift */ = {isa = PBXFileReference; fileEncoding = 4; lastKnownFileType = sourcecode.swift; path = MessageTableViewCell.swift; sourceTree = "<group>"; };
		C0D863201D4CD8D80059FAF1 /* MessageTableViewCell.xib */ = {isa = PBXFileReference; fileEncoding = 4; lastKnownFileType = file.xib; path = MessageTableViewCell.xib; sourceTree = "<group>"; };
		C0D863231D4CE92A0059FAF1 /* TitleButton.swift */ = {isa = PBXFileReference; fileEncoding = 4; lastKnownFileType = sourcecode.swift; path = TitleButton.swift; sourceTree = "<group>"; };
		C0D863251D4CEFC10059FAF1 /* BulletinBar.swift */ = {isa = PBXFileReference; fileEncoding = 4; lastKnownFileType = sourcecode.swift; path = BulletinBar.swift; sourceTree = "<group>"; };
		C0D863271D4D0DAA0059FAF1 /* NotifyTableViewCell.swift */ = {isa = PBXFileReference; fileEncoding = 4; lastKnownFileType = sourcecode.swift; path = NotifyTableViewCell.swift; sourceTree = "<group>"; };
		C0D863281D4D0DAA0059FAF1 /* NotifyTableViewCell.xib */ = {isa = PBXFileReference; fileEncoding = 4; lastKnownFileType = file.xib; path = NotifyTableViewCell.xib; sourceTree = "<group>"; };
		C0D8632B1D4D167C0059FAF1 /* DepartmentDisplayView.swift */ = {isa = PBXFileReference; fileEncoding = 4; lastKnownFileType = sourcecode.swift; path = DepartmentDisplayView.swift; sourceTree = "<group>"; };
		C0D8632D1D4D17B90059FAF1 /* ToolsViewController.swift */ = {isa = PBXFileReference; fileEncoding = 4; lastKnownFileType = sourcecode.swift; path = ToolsViewController.swift; sourceTree = "<group>"; };
		C0D8632F1D4D17D30059FAF1 /* ToolsViewAnimation.swift */ = {isa = PBXFileReference; fileEncoding = 4; lastKnownFileType = sourcecode.swift; path = ToolsViewAnimation.swift; sourceTree = "<group>"; };
		C0E81AE01D4C60D400333981 /* HomeView.storyboard */ = {isa = PBXFileReference; fileEncoding = 4; lastKnownFileType = file.storyboard; path = HomeView.storyboard; sourceTree = "<group>"; };
		C0E81AE21D4C637800333981 /* SlideShowView.swift */ = {isa = PBXFileReference; fileEncoding = 4; lastKnownFileType = sourcecode.swift; path = SlideShowView.swift; sourceTree = "<group>"; };
		CC077A960568650E8BA24990 /* Pods-OAProject.release.xcconfig */ = {isa = PBXFileReference; includeInIndex = 1; lastKnownFileType = text.xcconfig; name = "Pods-OAProject.release.xcconfig"; path = "Pods/Target Support Files/Pods-OAProject/Pods-OAProject.release.xcconfig"; sourceTree = "<group>"; };
/* End PBXFileReference section */

/* Begin PBXFrameworksBuildPhase section */
		C0623F4B1D49CD91001579CD /* Frameworks */ = {
			isa = PBXFrameworksBuildPhase;
			buildActionMask = 2147483647;
			files = (
				1EF04E3E5706883EE55B751F /* Pods_OAProject.framework in Frameworks */,
			);
			runOnlyForDeploymentPostprocessing = 0;
		};
		C0623F5F1D49CD92001579CD /* Frameworks */ = {
			isa = PBXFrameworksBuildPhase;
			buildActionMask = 2147483647;
			files = (
			);
			runOnlyForDeploymentPostprocessing = 0;
		};
		C0623F6A1D49CD92001579CD /* Frameworks */ = {
			isa = PBXFrameworksBuildPhase;
			buildActionMask = 2147483647;
			files = (
			);
			runOnlyForDeploymentPostprocessing = 0;
		};
/* End PBXFrameworksBuildPhase section */

/* Begin PBXGroup section */
		91A5ABC6C8C21179CFE2CF0A /* Pods */ = {
			isa = PBXGroup;
			children = (
				B0DC9D8798571EAD8E788052 /* Pods-OAProject.debug.xcconfig */,
				CC077A960568650E8BA24990 /* Pods-OAProject.release.xcconfig */,
			);
			name = Pods;
			sourceTree = "<group>";
		};
		AA0EFDA1BCC84EC188A1105A /* Frameworks */ = {
			isa = PBXGroup;
			children = (
				4DAA8BBAFE465D93F689B713 /* Pods_OAProject.framework */,
			);
			name = Frameworks;
			sourceTree = "<group>";
		};
		C0623F451D49CD91001579CD = {
			isa = PBXGroup;
			children = (
				C0623F501D49CD92001579CD /* OAProject */,
				C0623F651D49CD92001579CD /* OAProjectTests */,
				C0623F701D49CD92001579CD /* OAProjectUITests */,
				C0623F4F1D49CD92001579CD /* Products */,
				91A5ABC6C8C21179CFE2CF0A /* Pods */,
				AA0EFDA1BCC84EC188A1105A /* Frameworks */,
			);
			sourceTree = "<group>";
		};
		C0623F4F1D49CD92001579CD /* Products */ = {
			isa = PBXGroup;
			children = (
				C0623F4E1D49CD92001579CD /* OAProject.app */,
				C0623F621D49CD92001579CD /* OAProjectTests.xctest */,
				C0623F6D1D49CD92001579CD /* OAProjectUITests.xctest */,
			);
			name = Products;
			sourceTree = "<group>";
		};
		C0623F501D49CD92001579CD /* OAProject */ = {
			isa = PBXGroup;
			children = (
				C0647F171D4B2A2A0043A4C3 /* ViewController */,
				C0623F511D49CD92001579CD /* AppDelegate.swift */,
				C0623F581D49CD92001579CD /* Assets.xcassets */,
				C0623F5D1D49CD92001579CD /* Info.plist */,
			);
			path = OAProject;
			sourceTree = "<group>";
		};
		C0623F651D49CD92001579CD /* OAProjectTests */ = {
			isa = PBXGroup;
			children = (
				C0623F661D49CD92001579CD /* OAProjectTests.swift */,
				C0623F681D49CD92001579CD /* Info.plist */,
			);
			path = OAProjectTests;
			sourceTree = "<group>";
		};
		C0623F701D49CD92001579CD /* OAProjectUITests */ = {
			isa = PBXGroup;
			children = (
				C0623F711D49CD92001579CD /* OAProjectUITests.swift */,
				C0623F731D49CD92001579CD /* Info.plist */,
			);
			path = OAProjectUITests;
			sourceTree = "<group>";
		};
		C0647F171D4B2A2A0043A4C3 /* ViewController */ = {
			isa = PBXGroup;
			children = (
				C0647F241D4B2B600043A4C3 /* Contact */,
				C0647F181D4B2A2A0043A4C3 /* Common */,
				C0647F271D4B2B7D0043A4C3 /* Main */,
				C0647F1A1D4B2A2A0043A4C3 /* Home */,
				C0647F1B1D4B2A2A0043A4C3 /* Login */,
				C0647F1C1D4B2A2A0043A4C3 /* Tools */,
			);
			path = ViewController;
			sourceTree = "<group>";
		};
		C0647F181D4B2A2A0043A4C3 /* Common */ = {
			isa = PBXGroup;
			children = (
				C0E81AE21D4C637800333981 /* SlideShowView.swift */,
				C0D8631F1D4CD8D80059FAF1 /* MessageTableViewCell.swift */,
				C0D863201D4CD8D80059FAF1 /* MessageTableViewCell.xib */,
				C0D863231D4CE92A0059FAF1 /* TitleButton.swift */,
				C0D863251D4CEFC10059FAF1 /* BulletinBar.swift */,
				C0D863271D4D0DAA0059FAF1 /* NotifyTableViewCell.swift */,
				C0D863281D4D0DAA0059FAF1 /* NotifyTableViewCell.xib */,
				C0D8632B1D4D167C0059FAF1 /* DepartmentDisplayView.swift */,
			);
			path = Common;
			sourceTree = "<group>";
		};
		C0647F1A1D4B2A2A0043A4C3 /* Home */ = {
			isa = PBXGroup;
			children = (
				C0E81AE01D4C60D400333981 /* HomeView.storyboard */,
				C0647F1D1D4B2B150043A4C3 /* HomeViewController.swift */,
			);
			path = Home;
			sourceTree = "<group>";
		};
		C0647F1B1D4B2A2A0043A4C3 /* Login */ = {
			isa = PBXGroup;
			children = (
			);
			path = Login;
			sourceTree = "<group>";
		};
		C0647F1C1D4B2A2A0043A4C3 /* Tools */ = {
			isa = PBXGroup;
			children = (
				C0647F381D4BA3530043A4C3 /* Constents.swift */,
				C0D8632D1D4D17B90059FAF1 /* ToolsViewController.swift */,
				C0D8632F1D4D17D30059FAF1 /* ToolsViewAnimation.swift */,
			);
			path = Tools;
			sourceTree = "<group>";
		};
		C0647F241D4B2B600043A4C3 /* Contact */ = {
			isa = PBXGroup;
			children = (
				C0647F251D4B2B600043A4C3 /* ContactTableViewController.swift */,
			);
			path = Contact;
			sourceTree = "<group>";
		};
		C0647F271D4B2B7D0043A4C3 /* Main */ = {
			isa = PBXGroup;
			children = (
				C0647F2F1D4B3AB50043A4C3 /* Resource */,
				C0647F281D4B2BA90043A4C3 /* MainTabViewController.swift */,
				C0647F2D1D4B3A170043A4C3 /* BaseTableViewController.swift */,
			);
			path = Main;
			sourceTree = "<group>";
		};
		C0647F2F1D4B3AB50043A4C3 /* Resource */ = {
			isa = PBXGroup;
			children = (
				C0647F301D4B3AB50043A4C3 /* NullViewController.swift */,
				C0647F321D4B3AD10043A4C3 /* SlideViewAnimation.swift */,
				C0647F341D4B3B960043A4C3 /* CustomPresentationController.swift */,
				C0647F361D4B719C0043A4C3 /* CustomPercentDrivenInteractiveTransition.swift */,
			);
			path = Resource;
			sourceTree = "<group>";
		};
/* End PBXGroup section */

/* Begin PBXNativeTarget section */
		C0623F4D1D49CD91001579CD /* OAProject */ = {
			isa = PBXNativeTarget;
			buildConfigurationList = C0623F761D49CD92001579CD /* Build configuration list for PBXNativeTarget "OAProject" */;
			buildPhases = (
				A8E24C411CA3B2106CD1F126 /* [CP] Check Pods Manifest.lock */,
				C0623F4A1D49CD91001579CD /* Sources */,
				C0623F4B1D49CD91001579CD /* Frameworks */,
				C0623F4C1D49CD91001579CD /* Resources */,
				4EB2E4551CBD828F33BA37F3 /* [CP] Embed Pods Frameworks */,
				C410ECB80258E7B3BD814635 /* [CP] Copy Pods Resources */,
			);
			buildRules = (
			);
			dependencies = (
			);
			name = OAProject;
			productName = OAProject;
			productReference = C0623F4E1D49CD92001579CD /* OAProject.app */;
			productType = "com.apple.product-type.application";
		};
		C0623F611D49CD92001579CD /* OAProjectTests */ = {
			isa = PBXNativeTarget;
			buildConfigurationList = C0623F791D49CD92001579CD /* Build configuration list for PBXNativeTarget "OAProjectTests" */;
			buildPhases = (
				C0623F5E1D49CD92001579CD /* Sources */,
				C0623F5F1D49CD92001579CD /* Frameworks */,
				C0623F601D49CD92001579CD /* Resources */,
			);
			buildRules = (
			);
			dependencies = (
				C0623F641D49CD92001579CD /* PBXTargetDependency */,
			);
			name = OAProjectTests;
			productName = OAProjectTests;
			productReference = C0623F621D49CD92001579CD /* OAProjectTests.xctest */;
			productType = "com.apple.product-type.bundle.unit-test";
		};
		C0623F6C1D49CD92001579CD /* OAProjectUITests */ = {
			isa = PBXNativeTarget;
			buildConfigurationList = C0623F7C1D49CD92001579CD /* Build configuration list for PBXNativeTarget "OAProjectUITests" */;
			buildPhases = (
				C0623F691D49CD92001579CD /* Sources */,
				C0623F6A1D49CD92001579CD /* Frameworks */,
				C0623F6B1D49CD92001579CD /* Resources */,
			);
			buildRules = (
			);
			dependencies = (
				C0623F6F1D49CD92001579CD /* PBXTargetDependency */,
			);
			name = OAProjectUITests;
			productName = OAProjectUITests;
			productReference = C0623F6D1D49CD92001579CD /* OAProjectUITests.xctest */;
			productType = "com.apple.product-type.bundle.ui-testing";
		};
/* End PBXNativeTarget section */

/* Begin PBXProject section */
		C0623F461D49CD91001579CD /* Project object */ = {
			isa = PBXProject;
			attributes = {
				LastSwiftUpdateCheck = 0730;
				LastUpgradeCheck = 0730;
				ORGANIZATIONNAME = Geetion;
				TargetAttributes = {
					C0623F4D1D49CD91001579CD = {
						CreatedOnToolsVersion = 7.3.1;
					};
					C0623F611D49CD92001579CD = {
						CreatedOnToolsVersion = 7.3.1;
						TestTargetID = C0623F4D1D49CD91001579CD;
					};
					C0623F6C1D49CD92001579CD = {
						CreatedOnToolsVersion = 7.3.1;
						TestTargetID = C0623F4D1D49CD91001579CD;
					};
				};
			};
			buildConfigurationList = C0623F491D49CD91001579CD /* Build configuration list for PBXProject "OAProject" */;
			compatibilityVersion = "Xcode 3.2";
			developmentRegion = English;
			hasScannedForEncodings = 0;
			knownRegions = (
				en,
				Base,
			);
			mainGroup = C0623F451D49CD91001579CD;
			productRefGroup = C0623F4F1D49CD92001579CD /* Products */;
			projectDirPath = "";
			projectRoot = "";
			targets = (
				C0623F4D1D49CD91001579CD /* OAProject */,
				C0623F611D49CD92001579CD /* OAProjectTests */,
				C0623F6C1D49CD92001579CD /* OAProjectUITests */,
			);
		};
/* End PBXProject section */

/* Begin PBXResourcesBuildPhase section */
		C0623F4C1D49CD91001579CD /* Resources */ = {
			isa = PBXResourcesBuildPhase;
			buildActionMask = 2147483647;
			files = (
				C0D8632A1D4D0DAA0059FAF1 /* NotifyTableViewCell.xib in Resources */,
				C0D863221D4CD8D80059FAF1 /* MessageTableViewCell.xib in Resources */,
				C0E81AE11D4C60D400333981 /* HomeView.storyboard in Resources */,
				C0623F591D49CD92001579CD /* Assets.xcassets in Resources */,
			);
			runOnlyForDeploymentPostprocessing = 0;
		};
		C0623F601D49CD92001579CD /* Resources */ = {
			isa = PBXResourcesBuildPhase;
			buildActionMask = 2147483647;
			files = (
			);
			runOnlyForDeploymentPostprocessing = 0;
		};
		C0623F6B1D49CD92001579CD /* Resources */ = {
			isa = PBXResourcesBuildPhase;
			buildActionMask = 2147483647;
			files = (
			);
			runOnlyForDeploymentPostprocessing = 0;
		};
/* End PBXResourcesBuildPhase section */

/* Begin PBXShellScriptBuildPhase section */
		4EB2E4551CBD828F33BA37F3 /* [CP] Embed Pods Frameworks */ = {
			isa = PBXShellScriptBuildPhase;
			buildActionMask = 2147483647;
			files = (
			);
			inputPaths = (
			);
			name = "[CP] Embed Pods Frameworks";
			outputPaths = (
			);
			runOnlyForDeploymentPostprocessing = 0;
			shellPath = /bin/sh;
			shellScript = "\"${SRCROOT}/Pods/Target Support Files/Pods-OAProject/Pods-OAProject-frameworks.sh\"\n";
			showEnvVarsInLog = 0;
		};
		A8E24C411CA3B2106CD1F126 /* [CP] Check Pods Manifest.lock */ = {
			isa = PBXShellScriptBuildPhase;
			buildActionMask = 2147483647;
			files = (
			);
			inputPaths = (
			);
			name = "[CP] Check Pods Manifest.lock";
			outputPaths = (
			);
			runOnlyForDeploymentPostprocessing = 0;
			shellPath = /bin/sh;
			shellScript = "diff \"${PODS_ROOT}/../Podfile.lock\" \"${PODS_ROOT}/Manifest.lock\" > /dev/null\nif [[ $? != 0 ]] ; then\n    cat << EOM\nerror: The sandbox is not in sync with the Podfile.lock. Run 'pod install' or update your CocoaPods installation.\nEOM\n    exit 1\nfi\n";
			showEnvVarsInLog = 0;
		};
		C410ECB80258E7B3BD814635 /* [CP] Copy Pods Resources */ = {
			isa = PBXShellScriptBuildPhase;
			buildActionMask = 2147483647;
			files = (
			);
			inputPaths = (
			);
			name = "[CP] Copy Pods Resources";
			outputPaths = (
			);
			runOnlyForDeploymentPostprocessing = 0;
			shellPath = /bin/sh;
			shellScript = "\"${SRCROOT}/Pods/Target Support Files/Pods-OAProject/Pods-OAProject-resources.sh\"\n";
			showEnvVarsInLog = 0;
		};
/* End PBXShellScriptBuildPhase section */

/* Begin PBXSourcesBuildPhase section */
		C0623F4A1D49CD91001579CD /* Sources */ = {
			isa = PBXSourcesBuildPhase;
			buildActionMask = 2147483647;
			files = (
				C0647F351D4B3B960043A4C3 /* CustomPresentationController.swift in Sources */,
				C0647F2E1D4B3A170043A4C3 /* BaseTableViewController.swift in Sources */,
				C0647F371D4B719C0043A4C3 /* CustomPercentDrivenInteractiveTransition.swift in Sources */,
				C0647F311D4B3AB50043A4C3 /* NullViewController.swift in Sources */,
				C0647F331D4B3AD10043A4C3 /* SlideViewAnimation.swift in Sources */,
				C0D863211D4CD8D80059FAF1 /* MessageTableViewCell.swift in Sources */,
				C0E81AE31D4C637800333981 /* SlideShowView.swift in Sources */,
				C0D863301D4D17D30059FAF1 /* ToolsViewAnimation.swift in Sources */,
				C0647F1E1D4B2B150043A4C3 /* HomeViewController.swift in Sources */,
				C0647F291D4B2BA90043A4C3 /* MainTabViewController.swift in Sources */,
				C0623F521D49CD92001579CD /* AppDelegate.swift in Sources */,
				C0647F261D4B2B600043A4C3 /* ContactTableViewController.swift in Sources */,
				C0D8632C1D4D167C0059FAF1 /* DepartmentDisplayView.swift in Sources */,
				C0D863291D4D0DAA0059FAF1 /* NotifyTableViewCell.swift in Sources */,
				C0D863241D4CE92A0059FAF1 /* TitleButton.swift in Sources */,
				C0D8632E1D4D17B90059FAF1 /* ToolsViewController.swift in Sources */,
				C0647F391D4BA3530043A4C3 /* Constents.swift in Sources */,
				C0D863261D4CEFC10059FAF1 /* BulletinBar.swift in Sources */,
			);
			runOnlyForDeploymentPostprocessing = 0;
		};
		C0623F5E1D49CD92001579CD /* Sources */ = {
			isa = PBXSourcesBuildPhase;
			buildActionMask = 2147483647;
			files = (
				C0623F671D49CD92001579CD /* OAProjectTests.swift in Sources */,
			);
			runOnlyForDeploymentPostprocessing = 0;
		};
		C0623F691D49CD92001579CD /* Sources */ = {
			isa = PBXSourcesBuildPhase;
			buildActionMask = 2147483647;
			files = (
				C0623F721D49CD92001579CD /* OAProjectUITests.swift in Sources */,
			);
			runOnlyForDeploymentPostprocessing = 0;
		};
/* End PBXSourcesBuildPhase section */

/* Begin PBXTargetDependency section */
		C0623F641D49CD92001579CD /* PBXTargetDependency */ = {
			isa = PBXTargetDependency;
			target = C0623F4D1D49CD91001579CD /* OAProject */;
			targetProxy = C0623F631D49CD92001579CD /* PBXContainerItemProxy */;
		};
		C0623F6F1D49CD92001579CD /* PBXTargetDependency */ = {
			isa = PBXTargetDependency;
			target = C0623F4D1D49CD91001579CD /* OAProject */;
			targetProxy = C0623F6E1D49CD92001579CD /* PBXContainerItemProxy */;
		};
/* End PBXTargetDependency section */

/* Begin XCBuildConfiguration section */
		C0623F741D49CD92001579CD /* Debug */ = {
			isa = XCBuildConfiguration;
			buildSettings = {
				ALWAYS_SEARCH_USER_PATHS = NO;
				CLANG_ANALYZER_NONNULL = YES;
				CLANG_CXX_LANGUAGE_STANDARD = "gnu++0x";
				CLANG_CXX_LIBRARY = "libc++";
				CLANG_ENABLE_MODULES = YES;
				CLANG_ENABLE_OBJC_ARC = YES;
				CLANG_WARN_BOOL_CONVERSION = YES;
				CLANG_WARN_CONSTANT_CONVERSION = YES;
				CLANG_WARN_DIRECT_OBJC_ISA_USAGE = YES_ERROR;
				CLANG_WARN_EMPTY_BODY = YES;
				CLANG_WARN_ENUM_CONVERSION = YES;
				CLANG_WARN_INT_CONVERSION = YES;
				CLANG_WARN_OBJC_ROOT_CLASS = YES_ERROR;
				CLANG_WARN_UNREACHABLE_CODE = YES;
				CLANG_WARN__DUPLICATE_METHOD_MATCH = YES;
				"CODE_SIGN_IDENTITY[sdk=iphoneos*]" = "iPhone Developer";
				COPY_PHASE_STRIP = NO;
				DEBUG_INFORMATION_FORMAT = dwarf;
				ENABLE_STRICT_OBJC_MSGSEND = YES;
				ENABLE_TESTABILITY = YES;
				GCC_C_LANGUAGE_STANDARD = gnu99;
				GCC_DYNAMIC_NO_PIC = NO;
				GCC_NO_COMMON_BLOCKS = YES;
				GCC_OPTIMIZATION_LEVEL = 0;
				GCC_PREPROCESSOR_DEFINITIONS = (
					"DEBUG=1",
					"$(inherited)",
				);
				GCC_WARN_64_TO_32_BIT_CONVERSION = YES;
				GCC_WARN_ABOUT_RETURN_TYPE = YES_ERROR;
				GCC_WARN_UNDECLARED_SELECTOR = YES;
				GCC_WARN_UNINITIALIZED_AUTOS = YES_AGGRESSIVE;
				GCC_WARN_UNUSED_FUNCTION = YES;
				GCC_WARN_UNUSED_VARIABLE = YES;
				IPHONEOS_DEPLOYMENT_TARGET = 9.3;
				MTL_ENABLE_DEBUG_INFO = YES;
				ONLY_ACTIVE_ARCH = YES;
				SDKROOT = iphoneos;
				SWIFT_OPTIMIZATION_LEVEL = "-Onone";
				TARGETED_DEVICE_FAMILY = "1,2";
			};
			name = Debug;
		};
		C0623F751D49CD92001579CD /* Release */ = {
			isa = XCBuildConfiguration;
			buildSettings = {
				ALWAYS_SEARCH_USER_PATHS = NO;
				CLANG_ANALYZER_NONNULL = YES;
				CLANG_CXX_LANGUAGE_STANDARD = "gnu++0x";
				CLANG_CXX_LIBRARY = "libc++";
				CLANG_ENABLE_MODULES = YES;
				CLANG_ENABLE_OBJC_ARC = YES;
				CLANG_WARN_BOOL_CONVERSION = YES;
				CLANG_WARN_CONSTANT_CONVERSION = YES;
				CLANG_WARN_DIRECT_OBJC_ISA_USAGE = YES_ERROR;
				CLANG_WARN_EMPTY_BODY = YES;
				CLANG_WARN_ENUM_CONVERSION = YES;
				CLANG_WARN_INT_CONVERSION = YES;
				CLANG_WARN_OBJC_ROOT_CLASS = YES_ERROR;
				CLANG_WARN_UNREACHABLE_CODE = YES;
				CLANG_WARN__DUPLICATE_METHOD_MATCH = YES;
				"CODE_SIGN_IDENTITY[sdk=iphoneos*]" = "iPhone Developer";
				COPY_PHASE_STRIP = NO;
				DEBUG_INFORMATION_FORMAT = "dwarf-with-dsym";
				ENABLE_NS_ASSERTIONS = NO;
				ENABLE_STRICT_OBJC_MSGSEND = YES;
				GCC_C_LANGUAGE_STANDARD = gnu99;
				GCC_NO_COMMON_BLOCKS = YES;
				GCC_WARN_64_TO_32_BIT_CONVERSION = YES;
				GCC_WARN_ABOUT_RETURN_TYPE = YES_ERROR;
				GCC_WARN_UNDECLARED_SELECTOR = YES;
				GCC_WARN_UNINITIALIZED_AUTOS = YES_AGGRESSIVE;
				GCC_WARN_UNUSED_FUNCTION = YES;
				GCC_WARN_UNUSED_VARIABLE = YES;
				IPHONEOS_DEPLOYMENT_TARGET = 9.3;
				MTL_ENABLE_DEBUG_INFO = NO;
				SDKROOT = iphoneos;
				TARGETED_DEVICE_FAMILY = "1,2";
				VALIDATE_PRODUCT = YES;
			};
			name = Release;
		};
		C0623F771D49CD92001579CD /* Debug */ = {
			isa = XCBuildConfiguration;
			baseConfigurationReference = B0DC9D8798571EAD8E788052 /* Pods-OAProject.debug.xcconfig */;
			buildSettings = {
				ASSETCATALOG_COMPILER_APPICON_NAME = AppIcon;
				ASSETCATALOG_COMPILER_LAUNCHIMAGE_NAME = LaunchImage;
				INFOPLIST_FILE = OAProject/Info.plist;
				IPHONEOS_DEPLOYMENT_TARGET = 8.0;
				LD_RUNPATH_SEARCH_PATHS = "$(inherited) @executable_path/Frameworks";
				PRODUCT_BUNDLE_IDENTIFIER = geetion.OAProject;
				PRODUCT_NAME = "$(TARGET_NAME)";
				TARGETED_DEVICE_FAMILY = 1;
			};
			name = Debug;
		};
		C0623F781D49CD92001579CD /* Release */ = {
			isa = XCBuildConfiguration;
			baseConfigurationReference = CC077A960568650E8BA24990 /* Pods-OAProject.release.xcconfig */;
			buildSettings = {
				ASSETCATALOG_COMPILER_APPICON_NAME = AppIcon;
				ASSETCATALOG_COMPILER_LAUNCHIMAGE_NAME = LaunchImage;
				INFOPLIST_FILE = OAProject/Info.plist;
				IPHONEOS_DEPLOYMENT_TARGET = 8.0;
				LD_RUNPATH_SEARCH_PATHS = "$(inherited) @executable_path/Frameworks";
				PRODUCT_BUNDLE_IDENTIFIER = geetion.OAProject;
				PRODUCT_NAME = "$(TARGET_NAME)";
				TARGETED_DEVICE_FAMILY = 1;
			};
			name = Release;
		};
		C0623F7A1D49CD92001579CD /* Debug */ = {
			isa = XCBuildConfiguration;
			buildSettings = {
				BUNDLE_LOADER = "$(TEST_HOST)";
				INFOPLIST_FILE = OAProjectTests/Info.plist;
				LD_RUNPATH_SEARCH_PATHS = "$(inherited) @executable_path/Frameworks @loader_path/Frameworks";
				PRODUCT_BUNDLE_IDENTIFIER = geetion.OAProjectTests;
				PRODUCT_NAME = "$(TARGET_NAME)";
				TEST_HOST = "$(BUILT_PRODUCTS_DIR)/OAProject.app/OAProject";
			};
			name = Debug;
		};
		C0623F7B1D49CD92001579CD /* Release */ = {
			isa = XCBuildConfiguration;
			buildSettings = {
				BUNDLE_LOADER = "$(TEST_HOST)";
				INFOPLIST_FILE = OAProjectTests/Info.plist;
				LD_RUNPATH_SEARCH_PATHS = "$(inherited) @executable_path/Frameworks @loader_path/Frameworks";
				PRODUCT_BUNDLE_IDENTIFIER = geetion.OAProjectTests;
				PRODUCT_NAME = "$(TARGET_NAME)";
				TEST_HOST = "$(BUILT_PRODUCTS_DIR)/OAProject.app/OAProject";
			};
			name = Release;
		};
		C0623F7D1D49CD92001579CD /* Debug */ = {
			isa = XCBuildConfiguration;
			buildSettings = {
				INFOPLIST_FILE = OAProjectUITests/Info.plist;
				LD_RUNPATH_SEARCH_PATHS = "$(inherited) @executable_path/Frameworks @loader_path/Frameworks";
				PRODUCT_BUNDLE_IDENTIFIER = geetion.OAProjectUITests;
				PRODUCT_NAME = "$(TARGET_NAME)";
				TEST_TARGET_NAME = OAProject;
			};
			name = Debug;
		};
		C0623F7E1D49CD92001579CD /* Release */ = {
			isa = XCBuildConfiguration;
			buildSettings = {
				INFOPLIST_FILE = OAProjectUITests/Info.plist;
				LD_RUNPATH_SEARCH_PATHS = "$(inherited) @executable_path/Frameworks @loader_path/Frameworks";
				PRODUCT_BUNDLE_IDENTIFIER = geetion.OAProjectUITests;
				PRODUCT_NAME = "$(TARGET_NAME)";
				TEST_TARGET_NAME = OAProject;
			};
			name = Release;
		};
/* End XCBuildConfiguration section */

/* Begin XCConfigurationList section */
		C0623F491D49CD91001579CD /* Build configuration list for PBXProject "OAProject" */ = {
			isa = XCConfigurationList;
			buildConfigurations = (
				C0623F741D49CD92001579CD /* Debug */,
				C0623F751D49CD92001579CD /* Release */,
			);
			defaultConfigurationIsVisible = 0;
			defaultConfigurationName = Release;
		};
		C0623F761D49CD92001579CD /* Build configuration list for PBXNativeTarget "OAProject" */ = {
			isa = XCConfigurationList;
			buildConfigurations = (
				C0623F771D49CD92001579CD /* Debug */,
				C0623F781D49CD92001579CD /* Release */,
			);
			defaultConfigurationIsVisible = 0;
			defaultConfigurationName = Release;
		};
		C0623F791D49CD92001579CD /* Build configuration list for PBXNativeTarget "OAProjectTests" */ = {
			isa = XCConfigurationList;
			buildConfigurations = (
				C0623F7A1D49CD92001579CD /* Debug */,
				C0623F7B1D49CD92001579CD /* Release */,
			);
			defaultConfigurationIsVisible = 0;
			defaultConfigurationName = Release;
		};
		C0623F7C1D49CD92001579CD /* Build configuration list for PBXNativeTarget "OAProjectUITests" */ = {
			isa = XCConfigurationList;
			buildConfigurations = (
				C0623F7D1D49CD92001579CD /* Debug */,
				C0623F7E1D49CD92001579CD /* Release */,
			);
			defaultConfigurationIsVisible = 0;
			defaultConfigurationName = Release;
		};
/* End XCConfigurationList section */
	};
	rootObject = C0623F461D49CD91001579CD /* Project object */;
}
